# This file is automatically @generated by Cargo.
# It is not intended for manual editing.
version = 4

[[package]]
name = "ferret"
version = "0.0.0"
dependencies = [
 "ferret-catalog",
 "ferret-crawl",
 "ferret-index",
 "ferret-query",
 "ferret-verify",
]

[[package]]
name = "ferret-catalog"
version = "0.0.0"

[[package]]
name = "ferret-crawl"
version = "0.0.0"
dependencies = [
 "ferret-catalog",
 "ferret-policy",
]

[[package]]
name = "ferret-index"
version = "0.0.0"
dependencies = [
 "ferret-text",
]

[[package]]
name = "ferret-policy"
version = "0.0.0"

[[package]]
name = "ferret-query"
version = "0.0.0"
dependencies = [
 "ferret-catalog",
 "ferret-index",
 "ferret-text",
 "ferret-verify",
]

[[package]]
name = "ferret-text"
version = "0.0.0"

[[package]]
name = "ferret-verify"
version = "0.0.0"
